// !$*UTF8*$!
{
	archiveVersion = 1;
	classes = {
	};
	objectVersion = 55;
	objects = {

/* Begin PBXBuildFile section */
		7B173C9E288A9C6B008076FC /* AppDelegate.swift in Sources */ = {isa = PBXBuildFile; fileRef = 7B173C9D288A9C6B008076FC /* AppDelegate.swift */; };
		7B173CA0288A9C6B008076FC /* SceneDelegate.swift in Sources */ = {isa = PBXBuildFile; fileRef = 7B173C9F288A9C6B008076FC /* SceneDelegate.swift */; };
		7B173CA2288A9C6B008076FC /* AnimalGalleryViewController.swift in Sources */ = {isa = PBXBuildFile; fileRef = 7B173CA1288A9C6B008076FC /* AnimalGalleryViewController.swift */; };
		7B173CA7288A9C70008076FC /* Assets.xcassets in Resources */ = {isa = PBXBuildFile; fileRef = 7B173CA6288A9C70008076FC /* Assets.xcassets */; };
		7B173CAA288A9C70008076FC /* LaunchScreen.storyboard in Resources */ = {isa = PBXBuildFile; fileRef = 7B173CA8288A9C70008076FC /* LaunchScreen.storyboard */; };
		7B173CB5288A9C70008076FC /* AutomationAnimalsTests.swift in Sources */ = {isa = PBXBuildFile; fileRef = 7B173CB4288A9C70008076FC /* AutomationAnimalsTests.swift */; };
		7B173CBF288A9C70008076FC /* AutomationAnimalsUITests.swift in Sources */ = {isa = PBXBuildFile; fileRef = 7B173CBE288A9C70008076FC /* AutomationAnimalsUITests.swift */; };
		7B173CD2288A9D2E008076FC /* AnimalsDataService.swift in Sources */ = {isa = PBXBuildFile; fileRef = 7B173CD1288A9D2E008076FC /* AnimalsDataService.swift */; };
		7B173CD5288A9D57008076FC /* Animal.swift in Sources */ = {isa = PBXBuildFile; fileRef = 7B173CD4288A9D57008076FC /* Animal.swift */; };
		7B173CD7288AC46B008076FC /* AnimalDetailViewController.swift in Sources */ = {isa = PBXBuildFile; fileRef = 7B173CD6288AC46B008076FC /* AnimalDetailViewController.swift */; };
		7B173CDA288AC713008076FC /* AnimalGalleryCollectionViewCell.swift in Sources */ = {isa = PBXBuildFile; fileRef = 7B173CD9288AC713008076FC /* AnimalGalleryCollectionViewCell.swift */; };
		7B173CDC288AE6FE008076FC /* FavoritesService.swift in Sources */ = {isa = PBXBuildFile; fileRef = 7B173CDB288AE6FE008076FC /* FavoritesService.swift */; };
		7B173CDF288AEAB0008076FC /* UIColor+Extensions.swift in Sources */ = {isa = PBXBuildFile; fileRef = 7B173CDE288AEAB0008076FC /* UIColor+Extensions.swift */; };
		7B173CE1288AF86A008076FC /* FilterViewController.swift in Sources */ = {isa = PBXBuildFile; fileRef = 7B173CE0288AF86A008076FC /* FilterViewController.swift */; };
		7B173CE3288B4EBF008076FC /* FilterOptionCollectionViewCell.swift in Sources */ = {isa = PBXBuildFile; fileRef = 7B173CE2288B4EBF008076FC /* FilterOptionCollectionViewCell.swift */; };
/* End PBXBuildFile section */

/* Begin PBXContainerItemProxy section */
		7B173CB1288A9C70008076FC /* PBXContainerItemProxy */ = {
			isa = PBXContainerItemProxy;
			containerPortal = 7B173C92288A9C6B008076FC /* Project object */;
			proxyType = 1;
			remoteGlobalIDString = 7B173C99288A9C6B008076FC;
			remoteInfo = AutomationAnimals;
		};
		7B173CBB288A9C70008076FC /* PBXContainerItemProxy */ = {
			isa = PBXContainerItemProxy;
			containerPortal = 7B173C92288A9C6B008076FC /* Project object */;
			proxyType = 1;
			remoteGlobalIDString = 7B173C99288A9C6B008076FC;
			remoteInfo = AutomationAnimals;
		};
/* End PBXContainerItemProxy section */

/* Begin PBXFileReference section */
		7B173C9A288A9C6B008076FC /* AutomationAnimals.app */ = {isa = PBXFileReference; explicitFileType = wrapper.application; includeInIndex = 0; path = AutomationAnimals.app; sourceTree = BUILT_PRODUCTS_DIR; };
		7B173C9D288A9C6B008076FC /* AppDelegate.swift */ = {isa = PBXFileReference; lastKnownFileType = sourcecode.swift; path = AppDelegate.swift; sourceTree = "<group>"; };
		7B173C9F288A9C6B008076FC /* SceneDelegate.swift */ = {isa = PBXFileReference; lastKnownFileType = sourcecode.swift; path = SceneDelegate.swift; sourceTree = "<group>"; };
		7B173CA1288A9C6B008076FC /* AnimalGalleryViewController.swift */ = {isa = PBXFileReference; lastKnownFileType = sourcecode.swift; path = AnimalGalleryViewController.swift; sourceTree = "<group>"; };
		7B173CA6288A9C70008076FC /* Assets.xcassets */ = {isa = PBXFileReference; lastKnownFileType = folder.assetcatalog; path = Assets.xcassets; sourceTree = "<group>"; };
		7B173CA9288A9C70008076FC /* Base */ = {isa = PBXFileReference; lastKnownFileType = file.storyboard; name = Base; path = Base.lproj/LaunchScreen.storyboard; sourceTree = "<group>"; };
		7B173CAB288A9C70008076FC /* Info.plist */ = {isa = PBXFileReference; lastKnownFileType = text.plist.xml; path = Info.plist; sourceTree = "<group>"; };
		7B173CB0288A9C70008076FC /* AutomationAnimalsTests.xctest */ = {isa = PBXFileReference; explicitFileType = wrapper.cfbundle; includeInIndex = 0; path = AutomationAnimalsTests.xctest; sourceTree = BUILT_PRODUCTS_DIR; };
		7B173CB4288A9C70008076FC /* AutomationAnimalsTests.swift */ = {isa = PBXFileReference; lastKnownFileType = sourcecode.swift; path = AutomationAnimalsTests.swift; sourceTree = "<group>"; };
		7B173CBA288A9C70008076FC /* AutomationAnimalsUITests.xctest */ = {isa = PBXFileReference; explicitFileType = wrapper.cfbundle; includeInIndex = 0; path = AutomationAnimalsUITests.xctest; sourceTree = BUILT_PRODUCTS_DIR; };
		7B173CBE288A9C70008076FC /* AutomationAnimalsUITests.swift */ = {isa = PBXFileReference; lastKnownFileType = sourcecode.swift; path = AutomationAnimalsUITests.swift; sourceTree = "<group>"; };
		7B173CD1288A9D2E008076FC /* AnimalsDataService.swift */ = {isa = PBXFileReference; lastKnownFileType = sourcecode.swift; path = AnimalsDataService.swift; sourceTree = "<group>"; };
		7B173CD4288A9D57008076FC /* Animal.swift */ = {isa = PBXFileReference; lastKnownFileType = sourcecode.swift; path = Animal.swift; sourceTree = "<group>"; };
		7B173CD6288AC46B008076FC /* AnimalDetailViewController.swift */ = {isa = PBXFileReference; lastKnownFileType = sourcecode.swift; path = AnimalDetailViewController.swift; sourceTree = "<group>"; };
		7B173CD9288AC713008076FC /* AnimalGalleryCollectionViewCell.swift */ = {isa = PBXFileReference; lastKnownFileType = sourcecode.swift; path = AnimalGalleryCollectionViewCell.swift; sourceTree = "<group>"; };
		7B173CDB288AE6FE008076FC /* FavoritesService.swift */ = {isa = PBXFileReference; lastKnownFileType = sourcecode.swift; path = FavoritesService.swift; sourceTree = "<group>"; };
		7B173CDE288AEAB0008076FC /* UIColor+Extensions.swift */ = {isa = PBXFileReference; lastKnownFileType = sourcecode.swift; path = "UIColor+Extensions.swift"; sourceTree = "<group>"; };
		7B173CE0288AF86A008076FC /* FilterViewController.swift */ = {isa = PBXFileReference; lastKnownFileType = sourcecode.swift; path = FilterViewController.swift; sourceTree = "<group>"; };
		7B173CE2288B4EBF008076FC /* FilterOptionCollectionViewCell.swift */ = {isa = PBXFileReference; lastKnownFileType = sourcecode.swift; path = FilterOptionCollectionViewCell.swift; sourceTree = "<group>"; };
/* End PBXFileReference section */

/* Begin PBXFrameworksBuildPhase section */
		7B173C97288A9C6B008076FC /* Frameworks */ = {
			isa = PBXFrameworksBuildPhase;
			buildActionMask = 2147483647;
			files = (
			);
			runOnlyForDeploymentPostprocessing = 0;
		};
		7B173CAD288A9C70008076FC /* Frameworks */ = {
			isa = PBXFrameworksBuildPhase;
			buildActionMask = 2147483647;
			files = (
			);
			runOnlyForDeploymentPostprocessing = 0;
		};
		7B173CB7288A9C70008076FC /* Frameworks */ = {
			isa = PBXFrameworksBuildPhase;
			buildActionMask = 2147483647;
			files = (
			);
			runOnlyForDeploymentPostprocessing = 0;
		};
/* End PBXFrameworksBuildPhase section */

/* Begin PBXGroup section */
		7B173C91288A9C6B008076FC = {
			isa = PBXGroup;
			children = (
				7B173C9C288A9C6B008076FC /* AutomationAnimals */,
				7B173CB3288A9C70008076FC /* AutomationAnimalsTests */,
				7B173CBD288A9C70008076FC /* AutomationAnimalsUITests */,
				7B173C9B288A9C6B008076FC /* Products */,
			);
			sourceTree = "<group>";
		};
		7B173C9B288A9C6B008076FC /* Products */ = {
			isa = PBXGroup;
			children = (
				7B173C9A288A9C6B008076FC /* AutomationAnimals.app */,
				7B173CB0288A9C70008076FC /* AutomationAnimalsTests.xctest */,
				7B173CBA288A9C70008076FC /* AutomationAnimalsUITests.xctest */,
			);
			name = Products;
			sourceTree = "<group>";
		};
		7B173C9C288A9C6B008076FC /* AutomationAnimals */ = {
			isa = PBXGroup;
			children = (
				7B173CDD288AEAA3008076FC /* Extensions */,
				7B173CCD288A9C91008076FC /* AppDelegate */,
				7B173CD3288A9D4B008076FC /* Model */,
				7B173CD0288A9D16008076FC /* Services */,
				7B173CCE288A9C9C008076FC /* ViewControllers */,
				7B173CD8288AC6F9008076FC /* Custom Views */,
				7B173CCF288A9CA8008076FC /* Resources */,
			);
			path = AutomationAnimals;
			sourceTree = "<group>";
		};
		7B173CB3288A9C70008076FC /* AutomationAnimalsTests */ = {
			isa = PBXGroup;
			children = (
				7B173CB4288A9C70008076FC /* AutomationAnimalsTests.swift */,
			);
			path = AutomationAnimalsTests;
			sourceTree = "<group>";
		};
		7B173CBD288A9C70008076FC /* AutomationAnimalsUITests */ = {
			isa = PBXGroup;
			children = (
				7B173CBE288A9C70008076FC /* AutomationAnimalsUITests.swift */,
			);
			path = AutomationAnimalsUITests;
			sourceTree = "<group>";
		};
		7B173CCD288A9C91008076FC /* AppDelegate */ = {
			isa = PBXGroup;
			children = (
				7B173C9D288A9C6B008076FC /* AppDelegate.swift */,
				7B173C9F288A9C6B008076FC /* SceneDelegate.swift */,
			);
			path = AppDelegate;
			sourceTree = "<group>";
		};
		7B173CCE288A9C9C008076FC /* ViewControllers */ = {
			isa = PBXGroup;
			children = (
				7B173CA1288A9C6B008076FC /* AnimalGalleryViewController.swift */,
				7B173CD6288AC46B008076FC /* AnimalDetailViewController.swift */,
				7B173CE0288AF86A008076FC /* FilterViewController.swift */,
			);
			path = ViewControllers;
			sourceTree = "<group>";
		};
		7B173CCF288A9CA8008076FC /* Resources */ = {
			isa = PBXGroup;
			children = (
				7B173CA6288A9C70008076FC /* Assets.xcassets */,
				7B173CA8288A9C70008076FC /* LaunchScreen.storyboard */,
				7B173CAB288A9C70008076FC /* Info.plist */,
			);
			name = Resources;
			sourceTree = "<group>";
		};
		7B173CD0288A9D16008076FC /* Services */ = {
			isa = PBXGroup;
			children = (
				7B173CD1288A9D2E008076FC /* AnimalsDataService.swift */,
				7B173CDB288AE6FE008076FC /* FavoritesService.swift */,
			);
			path = Services;
			sourceTree = "<group>";
		};
		7B173CD3288A9D4B008076FC /* Model */ = {
			isa = PBXGroup;
			children = (
				7B173CD4288A9D57008076FC /* Animal.swift */,
			);
			path = Model;
			sourceTree = "<group>";
		};
		7B173CD8288AC6F9008076FC /* Custom Views */ = {
			isa = PBXGroup;
			children = (
				7B173CD9288AC713008076FC /* AnimalGalleryCollectionViewCell.swift */,
				7B173CE2288B4EBF008076FC /* FilterOptionCollectionViewCell.swift */,
			);
			path = "Custom Views";
			sourceTree = "<group>";
		};
		7B173CDD288AEAA3008076FC /* Extensions */ = {
			isa = PBXGroup;
			children = (
				7B173CDE288AEAB0008076FC /* UIColor+Extensions.swift */,
			);
			path = Extensions;
			sourceTree = "<group>";
		};
/* End PBXGroup section */

/* Begin PBXNativeTarget section */
		7B173C99288A9C6B008076FC /* AutomationAnimals */ = {
			isa = PBXNativeTarget;
			buildConfigurationList = 7B173CC4288A9C70008076FC /* Build configuration list for PBXNativeTarget "AutomationAnimals" */;
			buildPhases = (
				7B173C96288A9C6B008076FC /* Sources */,
				7B173C97288A9C6B008076FC /* Frameworks */,
				7B173C98288A9C6B008076FC /* Resources */,
			);
			buildRules = (
			);
			dependencies = (
			);
			name = AutomationAnimals;
			productName = AutomationAnimals;
			productReference = 7B173C9A288A9C6B008076FC /* AutomationAnimals.app */;
			productType = "com.apple.product-type.application";
		};
		7B173CAF288A9C70008076FC /* AutomationAnimalsTests */ = {
			isa = PBXNativeTarget;
			buildConfigurationList = 7B173CC7288A9C70008076FC /* Build configuration list for PBXNativeTarget "AutomationAnimalsTests" */;
			buildPhases = (
				7B173CAC288A9C70008076FC /* Sources */,
				7B173CAD288A9C70008076FC /* Frameworks */,
				7B173CAE288A9C70008076FC /* Resources */,
			);
			buildRules = (
			);
			dependencies = (
				7B173CB2288A9C70008076FC /* PBXTargetDependency */,
			);
			name = AutomationAnimalsTests;
			productName = AutomationAnimalsTests;
			productReference = 7B173CB0288A9C70008076FC /* AutomationAnimalsTests.xctest */;
			productType = "com.apple.product-type.bundle.unit-test";
		};
		7B173CB9288A9C70008076FC /* AutomationAnimalsUITests */ = {
			isa = PBXNativeTarget;
			buildConfigurationList = 7B173CCA288A9C70008076FC /* Build configuration list for PBXNativeTarget "AutomationAnimalsUITests" */;
			buildPhases = (
				7B173CB6288A9C70008076FC /* Sources */,
				7B173CB7288A9C70008076FC /* Frameworks */,
				7B173CB8288A9C70008076FC /* Resources */,
			);
			buildRules = (
			);
			dependencies = (
				7B173CBC288A9C70008076FC /* PBXTargetDependency */,
			);
			name = AutomationAnimalsUITests;
			productName = AutomationAnimalsUITests;
			productReference = 7B173CBA288A9C70008076FC /* AutomationAnimalsUITests.xctest */;
			productType = "com.apple.product-type.bundle.ui-testing";
		};
/* End PBXNativeTarget section */

/* Begin PBXProject section */
		7B173C92288A9C6B008076FC /* Project object */ = {
			isa = PBXProject;
			attributes = {
				BuildIndependentTargetsInParallel = 1;
				LastSwiftUpdateCheck = 1340;
				LastUpgradeCheck = 1340;
				TargetAttributes = {
					7B173C99288A9C6B008076FC = {
						CreatedOnToolsVersion = 13.4.1;
					};
					7B173CAF288A9C70008076FC = {
						CreatedOnToolsVersion = 13.4.1;
						TestTargetID = 7B173C99288A9C6B008076FC;
					};
					7B173CB9288A9C70008076FC = {
						CreatedOnToolsVersion = 13.4.1;
						TestTargetID = 7B173C99288A9C6B008076FC;
					};
				};
			};
			buildConfigurationList = 7B173C95288A9C6B008076FC /* Build configuration list for PBXProject "AutomationAnimals" */;
			compatibilityVersion = "Xcode 13.0";
			developmentRegion = en;
			hasScannedForEncodings = 0;
			knownRegions = (
				en,
				Base,
			);
			mainGroup = 7B173C91288A9C6B008076FC;
			productRefGroup = 7B173C9B288A9C6B008076FC /* Products */;
			projectDirPath = "";
			projectRoot = "";
			targets = (
				7B173C99288A9C6B008076FC /* AutomationAnimals */,
				7B173CAF288A9C70008076FC /* AutomationAnimalsTests */,
				7B173CB9288A9C70008076FC /* AutomationAnimalsUITests */,
			);
		};
/* End PBXProject section */

/* Begin PBXResourcesBuildPhase section */
		7B173C98288A9C6B008076FC /* Resources */ = {
			isa = PBXResourcesBuildPhase;
			buildActionMask = 2147483647;
			files = (
				7B173CAA288A9C70008076FC /* LaunchScreen.storyboard in Resources */,
				7B173CA7288A9C70008076FC /* Assets.xcassets in Resources */,
			);
			runOnlyForDeploymentPostprocessing = 0;
		};
		7B173CAE288A9C70008076FC /* Resources */ = {
			isa = PBXResourcesBuildPhase;
			buildActionMask = 2147483647;
			files = (
			);
			runOnlyForDeploymentPostprocessing = 0;
		};
		7B173CB8288A9C70008076FC /* Resources */ = {
			isa = PBXResourcesBuildPhase;
			buildActionMask = 2147483647;
			files = (
			);
			runOnlyForDeploymentPostprocessing = 0;
		};
/* End PBXResourcesBuildPhase section */

/* Begin PBXSourcesBuildPhase section */
		7B173C96288A9C6B008076FC /* Sources */ = {
			isa = PBXSourcesBuildPhase;
			buildActionMask = 2147483647;
			files = (
				7B173CA2288A9C6B008076FC /* AnimalGalleryViewController.swift in Sources */,
				7B173CDC288AE6FE008076FC /* FavoritesService.swift in Sources */,
				7B173C9E288A9C6B008076FC /* AppDelegate.swift in Sources */,
				7B173CD7288AC46B008076FC /* AnimalDetailViewController.swift in Sources */,
				7B173CE1288AF86A008076FC /* FilterViewController.swift in Sources */,
				7B173CA0288A9C6B008076FC /* SceneDelegate.swift in Sources */,
				7B173CDA288AC713008076FC /* AnimalGalleryCollectionViewCell.swift in Sources */,
				7B173CD2288A9D2E008076FC /* AnimalsDataService.swift in Sources */,
				7B173CDF288AEAB0008076FC /* UIColor+Extensions.swift in Sources */,
				7B173CD5288A9D57008076FC /* Animal.swift in Sources */,
				7B173CE3288B4EBF008076FC /* FilterOptionCollectionViewCell.swift in Sources */,
			);
			runOnlyForDeploymentPostprocessing = 0;
		};
		7B173CAC288A9C70008076FC /* Sources */ = {
			isa = PBXSourcesBuildPhase;
			buildActionMask = 2147483647;
			files = (
				7B173CB5288A9C70008076FC /* AutomationAnimalsTests.swift in Sources */,
			);
			runOnlyForDeploymentPostprocessing = 0;
		};
		7B173CB6288A9C70008076FC /* Sources */ = {
			isa = PBXSourcesBuildPhase;
			buildActionMask = 2147483647;
			files = (
				7B173CBF288A9C70008076FC /* AutomationAnimalsUITests.swift in Sources */,
			);
			runOnlyForDeploymentPostprocessing = 0;
		};
/* End PBXSourcesBuildPhase section */

/* Begin PBXTargetDependency section */
		7B173CB2288A9C70008076FC /* PBXTargetDependency */ = {
			isa = PBXTargetDependency;
			target = 7B173C99288A9C6B008076FC /* AutomationAnimals */;
			targetProxy = 7B173CB1288A9C70008076FC /* PBXContainerItemProxy */;
		};
		7B173CBC288A9C70008076FC /* PBXTargetDependency */ = {
			isa = PBXTargetDependency;
			target = 7B173C99288A9C6B008076FC /* AutomationAnimals */;
			targetProxy = 7B173CBB288A9C70008076FC /* PBXContainerItemProxy */;
		};
/* End PBXTargetDependency section */

/* Begin PBXVariantGroup section */
		7B173CA8288A9C70008076FC /* LaunchScreen.storyboard */ = {
			isa = PBXVariantGroup;
			children = (
				7B173CA9288A9C70008076FC /* Base */,
			);
			name = LaunchScreen.storyboard;
			sourceTree = "<group>";
		};
/* End PBXVariantGroup section */

/* Begin XCBuildConfiguration section */
		7B173CC2288A9C70008076FC /* Debug */ = {
			isa = XCBuildConfiguration;
			buildSettings = {
				ALWAYS_SEARCH_USER_PATHS = NO;
				CLANG_ANALYZER_NONNULL = YES;
				CLANG_ANALYZER_NUMBER_OBJECT_CONVERSION = YES_AGGRESSIVE;
				CLANG_CXX_LANGUAGE_STANDARD = "gnu++17";
				CLANG_ENABLE_MODULES = YES;
				CLANG_ENABLE_OBJC_ARC = YES;
				CLANG_ENABLE_OBJC_WEAK = YES;
				CLANG_WARN_BLOCK_CAPTURE_AUTORELEASING = YES;
				CLANG_WARN_BOOL_CONVERSION = YES;
				CLANG_WARN_COMMA = YES;
				CLANG_WARN_CONSTANT_CONVERSION = YES;
				CLANG_WARN_DEPRECATED_OBJC_IMPLEMENTATIONS = YES;
				CLANG_WARN_DIRECT_OBJC_ISA_USAGE = YES_ERROR;
				CLANG_WARN_DOCUMENTATION_COMMENTS = YES;
				CLANG_WARN_EMPTY_BODY = YES;
				CLANG_WARN_ENUM_CONVERSION = YES;
				CLANG_WARN_INFINITE_RECURSION = YES;
				CLANG_WARN_INT_CONVERSION = YES;
				CLANG_WARN_NON_LITERAL_NULL_CONVERSION = YES;
				CLANG_WARN_OBJC_IMPLICIT_RETAIN_SELF = YES;
				CLANG_WARN_OBJC_LITERAL_CONVERSION = YES;
				CLANG_WARN_OBJC_ROOT_CLASS = YES_ERROR;
				CLANG_WARN_QUOTED_INCLUDE_IN_FRAMEWORK_HEADER = YES;
				CLANG_WARN_RANGE_LOOP_ANALYSIS = YES;
				CLANG_WARN_STRICT_PROTOTYPES = YES;
				CLANG_WARN_SUSPICIOUS_MOVE = YES;
				CLANG_WARN_UNGUARDED_AVAILABILITY = YES_AGGRESSIVE;
				CLANG_WARN_UNREACHABLE_CODE = YES;
				CLANG_WARN__DUPLICATE_METHOD_MATCH = YES;
				COPY_PHASE_STRIP = NO;
				DEBUG_INFORMATION_FORMAT = dwarf;
				ENABLE_STRICT_OBJC_MSGSEND = YES;
				ENABLE_TESTABILITY = YES;
				GCC_C_LANGUAGE_STANDARD = gnu11;
				GCC_DYNAMIC_NO_PIC = NO;
				GCC_NO_COMMON_BLOCKS = YES;
				GCC_OPTIMIZATION_LEVEL = 0;
				GCC_PREPROCESSOR_DEFINITIONS = (
					"DEBUG=1",
					"$(inherited)",
				);
				GCC_WARN_64_TO_32_BIT_CONVERSION = YES;
				GCC_WARN_ABOUT_RETURN_TYPE = YES_ERROR;
				GCC_WARN_UNDECLARED_SELECTOR = YES;
				GCC_WARN_UNINITIALIZED_AUTOS = YES_AGGRESSIVE;
				GCC_WARN_UNUSED_FUNCTION = YES;
				GCC_WARN_UNUSED_VARIABLE = YES;
				IPHONEOS_DEPLOYMENT_TARGET = 15.5;
				MTL_ENABLE_DEBUG_INFO = INCLUDE_SOURCE;
				MTL_FAST_MATH = YES;
				ONLY_ACTIVE_ARCH = YES;
				SDKROOT = iphoneos;
				SWIFT_ACTIVE_COMPILATION_CONDITIONS = DEBUG;
				SWIFT_OPTIMIZATION_LEVEL = "-Onone";
			};
			name = Debug;
		};
		7B173CC3288A9C70008076FC /* Release */ = {
			isa = XCBuildConfiguration;
			buildSettings = {
				ALWAYS_SEARCH_USER_PATHS = NO;
				CLANG_ANALYZER_NONNULL = YES;
				CLANG_ANALYZER_NUMBER_OBJECT_CONVERSION = YES_AGGRESSIVE;
				CLANG_CXX_LANGUAGE_STANDARD = "gnu++17";
				CLANG_ENABLE_MODULES = YES;
				CLANG_ENABLE_OBJC_ARC = YES;
				CLANG_ENABLE_OBJC_WEAK = YES;
				CLANG_WARN_BLOCK_CAPTURE_AUTORELEASING = YES;
				CLANG_WARN_BOOL_CONVERSION = YES;
				CLANG_WARN_COMMA = YES;
				CLANG_WARN_CONSTANT_CONVERSION = YES;
				CLANG_WARN_DEPRECATED_OBJC_IMPLEMENTATIONS = YES;
				CLANG_WARN_DIRECT_OBJC_ISA_USAGE = YES_ERROR;
				CLANG_WARN_DOCUMENTATION_COMMENTS = YES;
				CLANG_WARN_EMPTY_BODY = YES;
				CLANG_WARN_ENUM_CONVERSION = YES;
				CLANG_WARN_INFINITE_RECURSION = YES;
				CLANG_WARN_INT_CONVERSION = YES;
				CLANG_WARN_NON_LITERAL_NULL_CONVERSION = YES;
				CLANG_WARN_OBJC_IMPLICIT_RETAIN_SELF = YES;
				CLANG_WARN_OBJC_LITERAL_CONVERSION = YES;
				CLANG_WARN_OBJC_ROOT_CLASS = YES_ERROR;
				CLANG_WARN_QUOTED_INCLUDE_IN_FRAMEWORK_HEADER = YES;
				CLANG_WARN_RANGE_LOOP_ANALYSIS = YES;
				CLANG_WARN_STRICT_PROTOTYPES = YES;
				CLANG_WARN_SUSPICIOUS_MOVE = YES;
				CLANG_WARN_UNGUARDED_AVAILABILITY = YES_AGGRESSIVE;
				CLANG_WARN_UNREACHABLE_CODE = YES;
				CLANG_WARN__DUPLICATE_METHOD_MATCH = YES;
				COPY_PHASE_STRIP = NO;
				DEBUG_INFORMATION_FORMAT = "dwarf-with-dsym";
				ENABLE_NS_ASSERTIONS = NO;
				ENABLE_STRICT_OBJC_MSGSEND = YES;
				GCC_C_LANGUAGE_STANDARD = gnu11;
				GCC_NO_COMMON_BLOCKS = YES;
				GCC_WARN_64_TO_32_BIT_CONVERSION = YES;
				GCC_WARN_ABOUT_RETURN_TYPE = YES_ERROR;
				GCC_WARN_UNDECLARED_SELECTOR = YES;
				GCC_WARN_UNINITIALIZED_AUTOS = YES_AGGRESSIVE;
				GCC_WARN_UNUSED_FUNCTION = YES;
				GCC_WARN_UNUSED_VARIABLE = YES;
				IPHONEOS_DEPLOYMENT_TARGET = 15.5;
				MTL_ENABLE_DEBUG_INFO = NO;
				MTL_FAST_MATH = YES;
				SDKROOT = iphoneos;
				SWIFT_COMPILATION_MODE = wholemodule;
				SWIFT_OPTIMIZATION_LEVEL = "-O";
				VALIDATE_PRODUCT = YES;
			};
			name = Release;
		};
		7B173CC5288A9C70008076FC /* Debug */ = {
			isa = XCBuildConfiguration;
			buildSettings = {
				ASSETCATALOG_COMPILER_APPICON_NAME = AppIcon;
				ASSETCATALOG_COMPILER_GLOBAL_ACCENT_COLOR_NAME = AccentColor;
				CODE_SIGN_STYLE = Automatic;
				CURRENT_PROJECT_VERSION = 1;
				DEVELOPMENT_TEAM = 7CZ92Z5Q6J;
				GENERATE_INFOPLIST_FILE = YES;
				INFOPLIST_FILE = AutomationAnimals/Info.plist;
				INFOPLIST_KEY_UIApplicationSupportsIndirectInputEvents = YES;
				INFOPLIST_KEY_UILaunchStoryboardName = LaunchScreen;
				INFOPLIST_KEY_UISupportedInterfaceOrientations = UIInterfaceOrientationPortrait;
				INFOPLIST_KEY_UISupportedInterfaceOrientations_iPad = UIInterfaceOrientationPortrait;
				INFOPLIST_KEY_UISupportedInterfaceOrientations_iPhone = UIInterfaceOrientationPortrait;
				IPHONEOS_DEPLOYMENT_TARGET = 15.0;
				LD_RUNPATH_SEARCH_PATHS = (
					"$(inherited)",
					"@executable_path/Frameworks",
				);
				MARKETING_VERSION = 1.0;
				PRODUCT_BUNDLE_IDENTIFIER = com.mattglover.AutomationAnimals;
				PRODUCT_NAME = "$(TARGET_NAME)";
				SWIFT_EMIT_LOC_STRINGS = YES;
				SWIFT_VERSION = 5.0;
				TARGETED_DEVICE_FAMILY = 1;
			};
			name = Debug;
		};
		7B173CC6288A9C70008076FC /* Release */ = {
			isa = XCBuildConfiguration;
			buildSettings = {
				ASSETCATALOG_COMPILER_APPICON_NAME = AppIcon;
				ASSETCATALOG_COMPILER_GLOBAL_ACCENT_COLOR_NAME = AccentColor;
				CODE_SIGN_STYLE = Automatic;
				CURRENT_PROJECT_VERSION = 1;
				DEVELOPMENT_TEAM = 7CZ92Z5Q6J;
				GENERATE_INFOPLIST_FILE = YES;
				INFOPLIST_FILE = AutomationAnimals/Info.plist;
				INFOPLIST_KEY_UIApplicationSupportsIndirectInputEvents = YES;
				INFOPLIST_KEY_UILaunchStoryboardName = LaunchScreen;
				INFOPLIST_KEY_UISupportedInterfaceOrientations = UIInterfaceOrientationPortrait;
				INFOPLIST_KEY_UISupportedInterfaceOrientations_iPad = UIInterfaceOrientationPortrait;
				INFOPLIST_KEY_UISupportedInterfaceOrientations_iPhone = UIInterfaceOrientationPortrait;
				IPHONEOS_DEPLOYMENT_TARGET = 15.0;
				LD_RUNPATH_SEARCH_PATHS = (
					"$(inherited)",
					"@executable_path/Frameworks",
				);
				MARKETING_VERSION = 1.0;
				PRODUCT_BUNDLE_IDENTIFIER = com.mattglover.AutomationAnimals;
				PRODUCT_NAME = "$(TARGET_NAME)";
				SWIFT_EMIT_LOC_STRINGS = YES;
				SWIFT_VERSION = 5.0;
				TARGETED_DEVICE_FAMILY = 1;
			};
			name = Release;
		};
		7B173CC8288A9C70008076FC /* Debug */ = {
			isa = XCBuildConfiguration;
			buildSettings = {
				ALWAYS_EMBED_SWIFT_STANDARD_LIBRARIES = YES;
				BUNDLE_LOADER = "$(TEST_HOST)";
				CODE_SIGN_STYLE = Automatic;
				CURRENT_PROJECT_VERSION = 1;
				DEVELOPMENT_TEAM = 7CZ92Z5Q6J;
				GENERATE_INFOPLIST_FILE = YES;
				IPHONEOS_DEPLOYMENT_TARGET = 15.5;
				MARKETING_VERSION = 1.0;
				PRODUCT_BUNDLE_IDENTIFIER = com.mattglover.AutomationAnimalsTests;
				PRODUCT_NAME = "$(TARGET_NAME)";
				SWIFT_EMIT_LOC_STRINGS = NO;
				SWIFT_VERSION = 5.0;
				TARGETED_DEVICE_FAMILY = "1,2";
				TEST_HOST = "$(BUILT_PRODUCTS_DIR)/AutomationAnimals.app/AutomationAnimals";
			};
			name = Debug;
		};
		7B173CC9288A9C70008076FC /* Release */ = {
			isa = XCBuildConfiguration;
			buildSettings = {
				ALWAYS_EMBED_SWIFT_STANDARD_LIBRARIES = YES;
				BUNDLE_LOADER = "$(TEST_HOST)";
				CODE_SIGN_STYLE = Automatic;
				CURRENT_PROJECT_VERSION = 1;
				DEVELOPMENT_TEAM = 7CZ92Z5Q6J;
				GENERATE_INFOPLIST_FILE = YES;
				IPHONEOS_DEPLOYMENT_TARGET = 15.5;
				MARKETING_VERSION = 1.0;
				PRODUCT_BUNDLE_IDENTIFIER = com.mattglover.AutomationAnimalsTests;
				PRODUCT_NAME = "$(TARGET_NAME)";
				SWIFT_EMIT_LOC_STRINGS = NO;
				SWIFT_VERSION = 5.0;
				TARGETED_DEVICE_FAMILY = "1,2";
				TEST_HOST = "$(BUILT_PRODUCTS_DIR)/AutomationAnimals.app/AutomationAnimals";
			};
			name = Release;
		};
		7B173CCB288A9C70008076FC /* Debug */ = {
			isa = XCBuildConfiguration;
			buildSettings = {
				ALWAYS_EMBED_SWIFT_STANDARD_LIBRARIES = YES;
				CODE_SIGN_STYLE = Automatic;
				CURRENT_PROJECT_VERSION = 1;
				DEVELOPMENT_TEAM = 7CZ92Z5Q6J;
				GENERATE_INFOPLIST_FILE = YES;
				MARKETING_VERSION = 1.0;
				PRODUCT_BUNDLE_IDENTIFIER = com.mattglover.AutomationAnimalsUITests;
				PRODUCT_NAME = "$(TARGET_NAME)";
				SWIFT_EMIT_LOC_STRINGS = NO;
				SWIFT_VERSION = 5.0;
				TARGETED_DEVICE_FAMILY = "1,2";
				TEST_TARGET_NAME = AutomationAnimals;
			};
			name = Debug;
		};
		7B173CCC288A9C70008076FC /* Release */ = {
			isa = XCBuildConfiguration;
			buildSettings = {
				ALWAYS_EMBED_SWIFT_STANDARD_LIBRARIES = YES;
				CODE_SIGN_STYLE = Automatic;
				CURRENT_PROJECT_VERSION = 1;
				DEVELOPMENT_TEAM = 7CZ92Z5Q6J;
				GENERATE_INFOPLIST_FILE = YES;
				MARKETING_VERSION = 1.0;
				PRODUCT_BUNDLE_IDENTIFIER = com.mattglover.AutomationAnimalsUITests;
				PRODUCT_NAME = "$(TARGET_NAME)";
				SWIFT_EMIT_LOC_STRINGS = NO;
				SWIFT_VERSION = 5.0;
				TARGETED_DEVICE_FAMILY = "1,2";
				TEST_TARGET_NAME = AutomationAnimals;
			};
			name = Release;
		};
/* End XCBuildConfiguration section */

/* Begin XCConfigurationList section */
		7B173C95288A9C6B008076FC /* Build configuration list for PBXProject "AutomationAnimals" */ = {
			isa = XCConfigurationList;
			buildConfigurations = (
				7B173CC2288A9C70008076FC /* Debug */,
				7B173CC3288A9C70008076FC /* Release */,
			);
			defaultConfigurationIsVisible = 0;
			defaultConfigurationName = Release;
		};
		7B173CC4288A9C70008076FC /* Build configuration list for PBXNativeTarget "AutomationAnimals" */ = {
			isa = XCConfigurationList;
			buildConfigurations = (
				7B173CC5288A9C70008076FC /* Debug */,
				7B173CC6288A9C70008076FC /* Release */,
			);
			defaultConfigurationIsVisible = 0;
			defaultConfigurationName = Release;
		};
		7B173CC7288A9C70008076FC /* Build configuration list for PBXNativeTarget "AutomationAnimalsTests" */ = {
			isa = XCConfigurationList;
			buildConfigurations = (
				7B173CC8288A9C70008076FC /* Debug */,
				7B173CC9288A9C70008076FC /* Release */,
			);
			defaultConfigurationIsVisible = 0;
			defaultConfigurationName = Release;
		};
		7B173CCA288A9C70008076FC /* Build configuration list for PBXNativeTarget "AutomationAnimalsUITests" */ = {
			isa = XCConfigurationList;
			buildConfigurations = (
				7B173CCB288A9C70008076FC /* Debug */,
				7B173CCC288A9C70008076FC /* Release */,
			);
			defaultConfigurationIsVisible = 0;
			defaultConfigurationName = Release;
		};
/* End XCConfigurationList section */
	};
	rootObject = 7B173C92288A9C6B008076FC /* Project object */;
}
